
Microsoft Visual Studio Solution File, Format Version 12.00
# Visual Studio Version 16
VisualStudioVersion = 25.0.1705.6
MinimumVisualStudioVersion = 10.0.40219.1
Project("{FAE04EC0-301F-11D3-BF4B-00C04F79EFBC}") = "DemoWebApi", "DemoWebApi\DemoWebApi.csproj", "{EA2972D1-AF58-4BEE-B51E-4624DC665353}"
EndProject
Project("{FAE04EC0-301F-11D3-BF4B-00C04F79EFBC}") = "DemoWebApi.Test", "DemoWebApi.Test\DemoWebApi.Test.csproj", "{601BDCDA-32DC-4E09-AAF5-0B1F04D8B5DB}"
EndProject
Global
	GlobalSection(SolutionConfigurationPlatforms) = preSolution
		Debug|Any CPU = Debug|Any CPU
		Release|Any CPU = Release|Any CPU
	EndGlobalSection
	GlobalSection(ProjectConfigurationPlatforms) = postSolution
		{EA2972D1-AF58-4BEE-B51E-4624DC665353}.Debug|Any CPU.ActiveCfg = Debug|Any CPU
		{EA2972D1-AF58-4BEE-B51E-4624DC665353}.Debug|Any CPU.Build.0 = Debug|Any CPU
		{EA2972D1-AF58-4BEE-B51E-4624DC665353}.Release|Any CPU.ActiveCfg = Release|Any CPU
		{EA2972D1-AF58-4BEE-B51E-4624DC665353}.Release|Any CPU.Build.0 = Release|Any CPU
		{601BDCDA-32DC-4E09-AAF5-0B1F04D8B5DB}.Debug|Any CPU.ActiveCfg = Debug|Any CPU
		{601BDCDA-32DC-4E09-AAF5-0B1F04D8B5DB}.Debug|Any CPU.Build.0 = Debug|Any CPU
		{601BDCDA-32DC-4E09-AAF5-0B1F04D8B5DB}.Release|Any CPU.ActiveCfg = Release|Any CPU
		{601BDCDA-32DC-4E09-AAF5-0B1F04D8B5DB}.Release|Any CPU.Build.0 = Release|Any CPU
	EndGlobalSection
	GlobalSection(SolutionProperties) = preSolution
		HideSolutionNode = FALSE
	EndGlobalSection
	GlobalSection(ExtensibilityGlobals) = postSolution
		SolutionGuid = {2E0545B8-D693-4123-A82A-BF0F860D22CE}
	EndGlobalSection
EndGlobal
